// !$*UTF8*$!
{
	archiveVersion = 1;
	classes = {
	};
	objectVersion = 56;
	objects = {

/* Begin PBXBuildFile section */
		22D250372A822F9600E1267B /* AppDelegate.swift in Sources */ = {isa = PBXBuildFile; fileRef = 22D250362A822F9600E1267B /* AppDelegate.swift */; };
		22D250392A822F9600E1267B /* SceneDelegate.swift in Sources */ = {isa = PBXBuildFile; fileRef = 22D250382A822F9600E1267B /* SceneDelegate.swift */; };
		22D2503B2A822F9600E1267B /* ViewController.swift in Sources */ = {isa = PBXBuildFile; fileRef = 22D2503A2A822F9600E1267B /* ViewController.swift */; };
		22D2503E2A822F9600E1267B /* Main.storyboard in Resources */ = {isa = PBXBuildFile; fileRef = 22D2503C2A822F9600E1267B /* Main.storyboard */; };
		22D250402A822F9700E1267B /* Assets.xcassets in Resources */ = {isa = PBXBuildFile; fileRef = 22D2503F2A822F9700E1267B /* Assets.xcassets */; };
		22D250432A822F9700E1267B /* LaunchScreen.storyboard in Resources */ = {isa = PBXBuildFile; fileRef = 22D250412A822F9700E1267B /* LaunchScreen.storyboard */; };
		22D2504E2A822F9800E1267B /* LinkShareAppTests.swift in Sources */ = {isa = PBXBuildFile; fileRef = 22D2504D2A822F9800E1267B /* LinkShareAppTests.swift */; };
		22D250582A822F9800E1267B /* LinkShareAppUITests.swift in Sources */ = {isa = PBXBuildFile; fileRef = 22D250572A822F9800E1267B /* LinkShareAppUITests.swift */; };
		22D2505A2A822F9800E1267B /* LinkShareAppUITestsLaunchTests.swift in Sources */ = {isa = PBXBuildFile; fileRef = 22D250592A822F9800E1267B /* LinkShareAppUITestsLaunchTests.swift */; };
/* End PBXBuildFile section */

/* Begin PBXContainerItemProxy section */
		22D2504A2A822F9800E1267B /* PBXContainerItemProxy */ = {
			isa = PBXContainerItemProxy;
			containerPortal = 22D2502B2A822F9600E1267B /* Project object */;
			proxyType = 1;
			remoteGlobalIDString = 22D250322A822F9600E1267B;
			remoteInfo = LinkShareApp;
		};
		22D250542A822F9800E1267B /* PBXContainerItemProxy */ = {
			isa = PBXContainerItemProxy;
			containerPortal = 22D2502B2A822F9600E1267B /* Project object */;
			proxyType = 1;
			remoteGlobalIDString = 22D250322A822F9600E1267B;
			remoteInfo = LinkShareApp;
		};
/* End PBXContainerItemProxy section */

/* Begin PBXFileReference section */
		22D250332A822F9600E1267B /* LinkShareApp.app */ = {isa = PBXFileReference; explicitFileType = wrapper.application; includeInIndex = 0; path = LinkShareApp.app; sourceTree = BUILT_PRODUCTS_DIR; };
		22D250362A822F9600E1267B /* AppDelegate.swift */ = {isa = PBXFileReference; lastKnownFileType = sourcecode.swift; path = AppDelegate.swift; sourceTree = "<group>"; };
		22D250382A822F9600E1267B /* SceneDelegate.swift */ = {isa = PBXFileReference; lastKnownFileType = sourcecode.swift; path = SceneDelegate.swift; sourceTree = "<group>"; };
		22D2503A2A822F9600E1267B /* ViewController.swift */ = {isa = PBXFileReference; lastKnownFileType = sourcecode.swift; path = ViewController.swift; sourceTree = "<group>"; };
		22D2503D2A822F9600E1267B /* Base */ = {isa = PBXFileReference; lastKnownFileType = file.storyboard; name = Base; path = Base.lproj/Main.storyboard; sourceTree = "<group>"; };
		22D2503F2A822F9700E1267B /* Assets.xcassets */ = {isa = PBXFileReference; lastKnownFileType = folder.assetcatalog; path = Assets.xcassets; sourceTree = "<group>"; };
		22D250422A822F9700E1267B /* Base */ = {isa = PBXFileReference; lastKnownFileType = file.storyboard; name = Base; path = Base.lproj/LaunchScreen.storyboard; sourceTree = "<group>"; };
		22D250442A822F9700E1267B /* Info.plist */ = {isa = PBXFileReference; lastKnownFileType = text.plist.xml; path = Info.plist; sourceTree = "<group>"; };
		22D250492A822F9800E1267B /* LinkShareAppTests.xctest */ = {isa = PBXFileReference; explicitFileType = wrapper.cfbundle; includeInIndex = 0; path = LinkShareAppTests.xctest; sourceTree = BUILT_PRODUCTS_DIR; };
		22D2504D2A822F9800E1267B /* LinkShareAppTests.swift */ = {isa = PBXFileReference; lastKnownFileType = sourcecode.swift; path = LinkShareAppTests.swift; sourceTree = "<group>"; };
		22D250532A822F9800E1267B /* LinkShareAppUITests.xctest */ = {isa = PBXFileReference; explicitFileType = wrapper.cfbundle; includeInIndex = 0; path = LinkShareAppUITests.xctest; sourceTree = BUILT_PRODUCTS_DIR; };
		22D250572A822F9800E1267B /* LinkShareAppUITests.swift */ = {isa = PBXFileReference; lastKnownFileType = sourcecode.swift; path = LinkShareAppUITests.swift; sourceTree = "<group>"; };
		22D250592A822F9800E1267B /* LinkShareAppUITestsLaunchTests.swift */ = {isa = PBXFileReference; lastKnownFileType = sourcecode.swift; path = LinkShareAppUITestsLaunchTests.swift; sourceTree = "<group>"; };
/* End PBXFileReference section */

/* Begin PBXFrameworksBuildPhase section */
		22D250302A822F9600E1267B /* Frameworks */ = {
			isa = PBXFrameworksBuildPhase;
			buildActionMask = 2147483647;
			files = (
			);
			runOnlyForDeploymentPostprocessing = 0;
		};
		22D250462A822F9800E1267B /* Frameworks */ = {
			isa = PBXFrameworksBuildPhase;
			buildActionMask = 2147483647;
			files = (
			);
			runOnlyForDeploymentPostprocessing = 0;
		};
		22D250502A822F9800E1267B /* Frameworks */ = {
			isa = PBXFrameworksBuildPhase;
			buildActionMask = 2147483647;
			files = (
			);
			runOnlyForDeploymentPostprocessing = 0;
		};
/* End PBXFrameworksBuildPhase section */

/* Begin PBXGroup section */
		22D2502A2A822F9600E1267B = {
			isa = PBXGroup;
			children = (
				22D250352A822F9600E1267B /* LinkShareApp */,
				22D2504C2A822F9800E1267B /* LinkShareAppTests */,
				22D250562A822F9800E1267B /* LinkShareAppUITests */,
				22D250342A822F9600E1267B /* Products */,
			);
			sourceTree = "<group>";
		};
		22D250342A822F9600E1267B /* Products */ = {
			isa = PBXGroup;
			children = (
				22D250332A822F9600E1267B /* LinkShareApp.app */,
				22D250492A822F9800E1267B /* LinkShareAppTests.xctest */,
				22D250532A822F9800E1267B /* LinkShareAppUITests.xctest */,
			);
			name = Products;
			sourceTree = "<group>";
		};
		22D250352A822F9600E1267B /* LinkShareApp */ = {
			isa = PBXGroup;
			children = (
				22D250362A822F9600E1267B /* AppDelegate.swift */,
				22D250382A822F9600E1267B /* SceneDelegate.swift */,
				22D2503A2A822F9600E1267B /* ViewController.swift */,
				22D2503C2A822F9600E1267B /* Main.storyboard */,
				22D2503F2A822F9700E1267B /* Assets.xcassets */,
				22D250412A822F9700E1267B /* LaunchScreen.storyboard */,
				22D250442A822F9700E1267B /* Info.plist */,
			);
			path = LinkShareApp;
			sourceTree = "<group>";
		};
		22D2504C2A822F9800E1267B /* LinkShareAppTests */ = {
			isa = PBXGroup;
			children = (
				22D2504D2A822F9800E1267B /* LinkShareAppTests.swift */,
			);
			path = LinkShareAppTests;
			sourceTree = "<group>";
		};
		22D250562A822F9800E1267B /* LinkShareAppUITests */ = {
			isa = PBXGroup;
			children = (
				22D250572A822F9800E1267B /* LinkShareAppUITests.swift */,
				22D250592A822F9800E1267B /* LinkShareAppUITestsLaunchTests.swift */,
			);
			path = LinkShareAppUITests;
			sourceTree = "<group>";
		};
/* End PBXGroup section */

/* Begin PBXNativeTarget section */
		22D250322A822F9600E1267B /* LinkShareApp */ = {
			isa = PBXNativeTarget;
			buildConfigurationList = 22D2505D2A822F9800E1267B /* Build configuration list for PBXNativeTarget "LinkShareApp" */;
			buildPhases = (
				22D2502F2A822F9600E1267B /* Sources */,
				22D250302A822F9600E1267B /* Frameworks */,
				22D250312A822F9600E1267B /* Resources */,
			);
			buildRules = (
			);
			dependencies = (
			);
			name = LinkShareApp;
			productName = LinkShareApp;
			productReference = 22D250332A822F9600E1267B /* LinkShareApp.app */;
			productType = "com.apple.product-type.application";
		};
		22D250482A822F9800E1267B /* LinkShareAppTests */ = {
			isa = PBXNativeTarget;
			buildConfigurationList = 22D250602A822F9800E1267B /* Build configuration list for PBXNativeTarget "LinkShareAppTests" */;
			buildPhases = (
				22D250452A822F9800E1267B /* Sources */,
				22D250462A822F9800E1267B /* Frameworks */,
				22D250472A822F9800E1267B /* Resources */,
			);
			buildRules = (
			);
			dependencies = (
				22D2504B2A822F9800E1267B /* PBXTargetDependency */,
			);
			name = LinkShareAppTests;
			productName = LinkShareAppTests;
			productReference = 22D250492A822F9800E1267B /* LinkShareAppTests.xctest */;
			productType = "com.apple.product-type.bundle.unit-test";
		};
		22D250522A822F9800E1267B /* LinkShareAppUITests */ = {
			isa = PBXNativeTarget;
			buildConfigurationList = 22D250632A822F9800E1267B /* Build configuration list for PBXNativeTarget "LinkShareAppUITests" */;
			buildPhases = (
				22D2504F2A822F9800E1267B /* Sources */,
				22D250502A822F9800E1267B /* Frameworks */,
				22D250512A822F9800E1267B /* Resources */,
			);
			buildRules = (
			);
			dependencies = (
				22D250552A822F9800E1267B /* PBXTargetDependency */,
			);
			name = LinkShareAppUITests;
			productName = LinkShareAppUITests;
			productReference = 22D250532A822F9800E1267B /* LinkShareAppUITests.xctest */;
			productType = "com.apple.product-type.bundle.ui-testing";
		};
/* End PBXNativeTarget section */

/* Begin PBXProject section */
		22D2502B2A822F9600E1267B /* Project object */ = {
			isa = PBXProject;
			attributes = {
				BuildIndependentTargetsInParallel = 1;
				LastSwiftUpdateCheck = 1430;
				LastUpgradeCheck = 1430;
				TargetAttributes = {
					22D250322A822F9600E1267B = {
						CreatedOnToolsVersion = 14.3.1;
					};
					22D250482A822F9800E1267B = {
						CreatedOnToolsVersion = 14.3.1;
						TestTargetID = 22D250322A822F9600E1267B;
					};
					22D250522A822F9800E1267B = {
						CreatedOnToolsVersion = 14.3.1;
						TestTargetID = 22D250322A822F9600E1267B;
					};
				};
			};
			buildConfigurationList = 22D2502E2A822F9600E1267B /* Build configuration list for PBXProject "LinkShareApp" */;
			compatibilityVersion = "Xcode 14.0";
			developmentRegion = en;
			hasScannedForEncodings = 0;
			knownRegions = (
				en,
				Base,
			);
			mainGroup = 22D2502A2A822F9600E1267B;
			productRefGroup = 22D250342A822F9600E1267B /* Products */;
			projectDirPath = "";
			projectRoot = "";
			targets = (
				22D250322A822F9600E1267B /* LinkShareApp */,
				22D250482A822F9800E1267B /* LinkShareAppTests */,
				22D250522A822F9800E1267B /* LinkShareAppUITests */,
			);
		};
/* End PBXProject section */

/* Begin PBXResourcesBuildPhase section */
		22D250312A822F9600E1267B /* Resources */ = {
			isa = PBXResourcesBuildPhase;
			buildActionMask = 2147483647;
			files = (
				22D250432A822F9700E1267B /* LaunchScreen.storyboard in Resources */,
				22D250402A822F9700E1267B /* Assets.xcassets in Resources */,
				22D2503E2A822F9600E1267B /* Main.storyboard in Resources */,
			);
			runOnlyForDeploymentPostprocessing = 0;
		};
		22D250472A822F9800E1267B /* Resources */ = {
			isa = PBXResourcesBuildPhase;
			buildActionMask = 2147483647;
			files = (
			);
			runOnlyForDeploymentPostprocessing = 0;
		};
		22D250512A822F9800E1267B /* Resources */ = {
			isa = PBXResourcesBuildPhase;
			buildActionMask = 2147483647;
			files = (
			);
			runOnlyForDeploymentPostprocessing = 0;
		};
/* End PBXResourcesBuildPhase section */

/* Begin PBXSourcesBuildPhase section */
		22D2502F2A822F9600E1267B /* Sources */ = {
			isa = PBXSourcesBuildPhase;
			buildActionMask = 2147483647;
			files = (
				22D2503B2A822F9600E1267B /* ViewController.swift in Sources */,
				22D250372A822F9600E1267B /* AppDelegate.swift in Sources */,
				22D250392A822F9600E1267B /* SceneDelegate.swift in Sources */,
			);
			runOnlyForDeploymentPostprocessing = 0;
		};
		22D250452A822F9800E1267B /* Sources */ = {
			isa = PBXSourcesBuildPhase;
			buildActionMask = 2147483647;
			files = (
				22D2504E2A822F9800E1267B /* LinkShareAppTests.swift in Sources */,
			);
			runOnlyForDeploymentPostprocessing = 0;
		};
		22D2504F2A822F9800E1267B /* Sources */ = {
			isa = PBXSourcesBuildPhase;
			buildActionMask = 2147483647;
			files = (
				22D2505A2A822F9800E1267B /* LinkShareAppUITestsLaunchTests.swift in Sources */,
				22D250582A822F9800E1267B /* LinkShareAppUITests.swift in Sources */,
			);
			runOnlyForDeploymentPostprocessing = 0;
		};
/* End PBXSourcesBuildPhase section */

/* Begin PBXTargetDependency section */
		22D2504B2A822F9800E1267B /* PBXTargetDependency */ = {
			isa = PBXTargetDependency;
			target = 22D250322A822F9600E1267B /* LinkShareApp */;
			targetProxy = 22D2504A2A822F9800E1267B /* PBXContainerItemProxy */;
		};
		22D250552A822F9800E1267B /* PBXTargetDependency */ = {
			isa = PBXTargetDependency;
			target = 22D250322A822F9600E1267B /* LinkShareApp */;
			targetProxy = 22D250542A822F9800E1267B /* PBXContainerItemProxy */;
		};
/* End PBXTargetDependency section */

/* Begin PBXVariantGroup section */
		22D2503C2A822F9600E1267B /* Main.storyboard */ = {
			isa = PBXVariantGroup;
			children = (
				22D2503D2A822F9600E1267B /* Base */,
			);
			name = Main.storyboard;
			sourceTree = "<group>";
		};
		22D250412A822F9700E1267B /* LaunchScreen.storyboard */ = {
			isa = PBXVariantGroup;
			children = (
				22D250422A822F9700E1267B /* Base */,
			);
			name = LaunchScreen.storyboard;
			sourceTree = "<group>";
		};
/* End PBXVariantGroup section */

/* Begin XCBuildConfiguration section */
		22D2505B2A822F9800E1267B /* Debug */ = {
			isa = XCBuildConfiguration;
			buildSettings = {
				ALWAYS_SEARCH_USER_PATHS = NO;
				CLANG_ANALYZER_NONNULL = YES;
				CLANG_ANALYZER_NUMBER_OBJECT_CONVERSION = YES_AGGRESSIVE;
				CLANG_CXX_LANGUAGE_STANDARD = "gnu++20";
				CLANG_ENABLE_MODULES = YES;
				CLANG_ENABLE_OBJC_ARC = YES;
				CLANG_ENABLE_OBJC_WEAK = YES;
				CLANG_WARN_BLOCK_CAPTURE_AUTORELEASING = YES;
				CLANG_WARN_BOOL_CONVERSION = YES;
				CLANG_WARN_COMMA = YES;
				CLANG_WARN_CONSTANT_CONVERSION = YES;
				CLANG_WARN_DEPRECATED_OBJC_IMPLEMENTATIONS = YES;
				CLANG_WARN_DIRECT_OBJC_ISA_USAGE = YES_ERROR;
				CLANG_WARN_DOCUMENTATION_COMMENTS = YES;
				CLANG_WARN_EMPTY_BODY = YES;
				CLANG_WARN_ENUM_CONVERSION = YES;
				CLANG_WARN_INFINITE_RECURSION = YES;
				CLANG_WARN_INT_CONVERSION = YES;
				CLANG_WARN_NON_LITERAL_NULL_CONVERSION = YES;
				CLANG_WARN_OBJC_IMPLICIT_RETAIN_SELF = YES;
				CLANG_WARN_OBJC_LITERAL_CONVERSION = YES;
				CLANG_WARN_OBJC_ROOT_CLASS = YES_ERROR;
				CLANG_WARN_QUOTED_INCLUDE_IN_FRAMEWORK_HEADER = YES;
				CLANG_WARN_RANGE_LOOP_ANALYSIS = YES;
				CLANG_WARN_STRICT_PROTOTYPES = YES;
				CLANG_WARN_SUSPICIOUS_MOVE = YES;
				CLANG_WARN_UNGUARDED_AVAILABILITY = YES_AGGRESSIVE;
				CLANG_WARN_UNREACHABLE_CODE = YES;
				CLANG_WARN__DUPLICATE_METHOD_MATCH = YES;
				COPY_PHASE_STRIP = NO;
				DEBUG_INFORMATION_FORMAT = dwarf;
				ENABLE_STRICT_OBJC_MSGSEND = YES;
				ENABLE_TESTABILITY = YES;
				GCC_C_LANGUAGE_STANDARD = gnu11;
				GCC_DYNAMIC_NO_PIC = NO;
				GCC_NO_COMMON_BLOCKS = YES;
				GCC_OPTIMIZATION_LEVEL = 0;
				GCC_PREPROCESSOR_DEFINITIONS = (
					"DEBUG=1",
					"$(inherited)",
				);
				GCC_WARN_64_TO_32_BIT_CONVERSION = YES;
				GCC_WARN_ABOUT_RETURN_TYPE = YES_ERROR;
				GCC_WARN_UNDECLARED_SELECTOR = YES;
				GCC_WARN_UNINITIALIZED_AUTOS = YES_AGGRESSIVE;
				GCC_WARN_UNUSED_FUNCTION = YES;
				GCC_WARN_UNUSED_VARIABLE = YES;
				IPHONEOS_DEPLOYMENT_TARGET = 16.4;
				MTL_ENABLE_DEBUG_INFO = INCLUDE_SOURCE;
				MTL_FAST_MATH = YES;
				ONLY_ACTIVE_ARCH = YES;
				SDKROOT = iphoneos;
				SWIFT_ACTIVE_COMPILATION_CONDITIONS = DEBUG;
				SWIFT_OPTIMIZATION_LEVEL = "-Onone";
			};
			name = Debug;
		};
		22D2505C2A822F9800E1267B /* Release */ = {
			isa = XCBuildConfiguration;
			buildSettings = {
				ALWAYS_SEARCH_USER_PATHS = NO;
				CLANG_ANALYZER_NONNULL = YES;
				CLANG_ANALYZER_NUMBER_OBJECT_CONVERSION = YES_AGGRESSIVE;
				CLANG_CXX_LANGUAGE_STANDARD = "gnu++20";
				CLANG_ENABLE_MODULES = YES;
				CLANG_ENABLE_OBJC_ARC = YES;
				CLANG_ENABLE_OBJC_WEAK = YES;
				CLANG_WARN_BLOCK_CAPTURE_AUTORELEASING = YES;
				CLANG_WARN_BOOL_CONVERSION = YES;
				CLANG_WARN_COMMA = YES;
				CLANG_WARN_CONSTANT_CONVERSION = YES;
				CLANG_WARN_DEPRECATED_OBJC_IMPLEMENTATIONS = YES;
				CLANG_WARN_DIRECT_OBJC_ISA_USAGE = YES_ERROR;
				CLANG_WARN_DOCUMENTATION_COMMENTS = YES;
				CLANG_WARN_EMPTY_BODY = YES;
				CLANG_WARN_ENUM_CONVERSION = YES;
				CLANG_WARN_INFINITE_RECURSION = YES;
				CLANG_WARN_INT_CONVERSION = YES;
				CLANG_WARN_NON_LITERAL_NULL_CONVERSION = YES;
				CLANG_WARN_OBJC_IMPLICIT_RETAIN_SELF = YES;
				CLANG_WARN_OBJC_LITERAL_CONVERSION = YES;
				CLANG_WARN_OBJC_ROOT_CLASS = YES_ERROR;
				CLANG_WARN_QUOTED_INCLUDE_IN_FRAMEWORK_HEADER = YES;
				CLANG_WARN_RANGE_LOOP_ANALYSIS = YES;
				CLANG_WARN_STRICT_PROTOTYPES = YES;
				CLANG_WARN_SUSPICIOUS_MOVE = YES;
				CLANG_WARN_UNGUARDED_AVAILABILITY = YES_AGGRESSIVE;
				CLANG_WARN_UNREACHABLE_CODE = YES;
				CLANG_WARN__DUPLICATE_METHOD_MATCH = YES;
				COPY_PHASE_STRIP = NO;
				DEBUG_INFORMATION_FORMAT = "dwarf-with-dsym";
				ENABLE_NS_ASSERTIONS = NO;
				ENABLE_STRICT_OBJC_MSGSEND = YES;
				GCC_C_LANGUAGE_STANDARD = gnu11;
				GCC_NO_COMMON_BLOCKS = YES;
				GCC_WARN_64_TO_32_BIT_CONVERSION = YES;
				GCC_WARN_ABOUT_RETURN_TYPE = YES_ERROR;
				GCC_WARN_UNDECLARED_SELECTOR = YES;
				GCC_WARN_UNINITIALIZED_AUTOS = YES_AGGRESSIVE;
				GCC_WARN_UNUSED_FUNCTION = YES;
				GCC_WARN_UNUSED_VARIABLE = YES;
				IPHONEOS_DEPLOYMENT_TARGET = 16.4;
				MTL_ENABLE_DEBUG_INFO = NO;
				MTL_FAST_MATH = YES;
				SDKROOT = iphoneos;
				SWIFT_COMPILATION_MODE = wholemodule;
				SWIFT_OPTIMIZATION_LEVEL = "-O";
				VALIDATE_PRODUCT = YES;
			};
			name = Release;
		};
		22D2505E2A822F9800E1267B /* Debug */ = {
			isa = XCBuildConfiguration;
			buildSettings = {
				ASSETCATALOG_COMPILER_APPICON_NAME = AppIcon;
				ASSETCATALOG_COMPILER_GLOBAL_ACCENT_COLOR_NAME = AccentColor;
				CODE_SIGN_STYLE = Automatic;
				CURRENT_PROJECT_VERSION = 1;
				GENERATE_INFOPLIST_FILE = YES;
				INFOPLIST_FILE = LinkShareApp/Info.plist;
				INFOPLIST_KEY_UIApplicationSupportsIndirectInputEvents = YES;
				INFOPLIST_KEY_UILaunchStoryboardName = LaunchScreen;
				INFOPLIST_KEY_UIMainStoryboardFile = Main;
				INFOPLIST_KEY_UISupportedInterfaceOrientations_iPad = "UIInterfaceOrientationPortrait UIInterfaceOrientationPortraitUpsideDown UIInterfaceOrientationLandscapeLeft UIInterfaceOrientationLandscapeRight";
				INFOPLIST_KEY_UISupportedInterfaceOrientations_iPhone = "UIInterfaceOrientationPortrait UIInterfaceOrientationLandscapeLeft UIInterfaceOrientationLandscapeRight";
				LD_RUNPATH_SEARCH_PATHS = (
					"$(inherited)",
					"@executable_path/Frameworks",
				);
				MARKETING_VERSION = 1.0;
				PRODUCT_BUNDLE_IDENTIFIER = com.sdsol.nowENT.LinkShareApp;
				PRODUCT_NAME = "$(TARGET_NAME)";
				SWIFT_EMIT_LOC_STRINGS = YES;
				SWIFT_VERSION = 5.0;
				TARGETED_DEVICE_FAMILY = "1,2";
			};
			name = Debug;
		};
		22D2505F2A822F9800E1267B /* Release */ = {
			isa = XCBuildConfiguration;
			buildSettings = {
				ASSETCATALOG_COMPILER_APPICON_NAME = AppIcon;
				ASSETCATALOG_COMPILER_GLOBAL_ACCENT_COLOR_NAME = AccentColor;
				CODE_SIGN_STYLE = Automatic;
				CURRENT_PROJECT_VERSION = 1;
				GENERATE_INFOPLIST_FILE = YES;
				INFOPLIST_FILE = LinkShareApp/Info.plist;
				INFOPLIST_KEY_UIApplicationSupportsIndirectInputEvents = YES;
				INFOPLIST_KEY_UILaunchStoryboardName = LaunchScreen;
				INFOPLIST_KEY_UIMainStoryboardFile = Main;
				INFOPLIST_KEY_UISupportedInterfaceOrientations_iPad = "UIInterfaceOrientationPortrait UIInterfaceOrientationPortraitUpsideDown UIInterfaceOrientationLandscapeLeft UIInterfaceOrientationLandscapeRight";
				INFOPLIST_KEY_UISupportedInterfaceOrientations_iPhone = "UIInterfaceOrientationPortrait UIInterfaceOrientationLandscapeLeft UIInterfaceOrientationLandscapeRight";
				LD_RUNPATH_SEARCH_PATHS = (
					"$(inherited)",
					"@executable_path/Frameworks",
				);
				MARKETING_VERSION = 1.0;
				PRODUCT_BUNDLE_IDENTIFIER = com.sdsol.nowENT.LinkShareApp;
				PRODUCT_NAME = "$(TARGET_NAME)";
				SWIFT_EMIT_LOC_STRINGS = YES;
				SWIFT_VERSION = 5.0;
				TARGETED_DEVICE_FAMILY = "1,2";
			};
			name = Release;
		};
		22D250612A822F9800E1267B /* Debug */ = {
			isa = XCBuildConfiguration;
			buildSettings = {
				ALWAYS_EMBED_SWIFT_STANDARD_LIBRARIES = YES;
				BUNDLE_LOADER = "$(TEST_HOST)";
				CODE_SIGN_STYLE = Automatic;
				CURRENT_PROJECT_VERSION = 1;
				GENERATE_INFOPLIST_FILE = YES;
				IPHONEOS_DEPLOYMENT_TARGET = 16.4;
				MARKETING_VERSION = 1.0;
				PRODUCT_BUNDLE_IDENTIFIER = com.sdsol.nowENT.LinkShareAppTests;
				PRODUCT_NAME = "$(TARGET_NAME)";
				SWIFT_EMIT_LOC_STRINGS = NO;
				SWIFT_VERSION = 5.0;
				TARGETED_DEVICE_FAMILY = "1,2";
				TEST_HOST = "$(BUILT_PRODUCTS_DIR)/LinkShareApp.app/$(BUNDLE_EXECUTABLE_FOLDER_PATH)/LinkShareApp";
			};
			name = Debug;
		};
		22D250622A822F9800E1267B /* Release */ = {
			isa = XCBuildConfiguration;
			buildSettings = {
				ALWAYS_EMBED_SWIFT_STANDARD_LIBRARIES = YES;
				BUNDLE_LOADER = "$(TEST_HOST)";
				CODE_SIGN_STYLE = Automatic;
				CURRENT_PROJECT_VERSION = 1;
				GENERATE_INFOPLIST_FILE = YES;
				IPHONEOS_DEPLOYMENT_TARGET = 16.4;
				MARKETING_VERSION = 1.0;
				PRODUCT_BUNDLE_IDENTIFIER = com.sdsol.nowENT.LinkShareAppTests;
				PRODUCT_NAME = "$(TARGET_NAME)";
				SWIFT_EMIT_LOC_STRINGS = NO;
				SWIFT_VERSION = 5.0;
				TARGETED_DEVICE_FAMILY = "1,2";
				TEST_HOST = "$(BUILT_PRODUCTS_DIR)/LinkShareApp.app/$(BUNDLE_EXECUTABLE_FOLDER_PATH)/LinkShareApp";
			};
			name = Release;
		};
		22D250642A822F9800E1267B /* Debug */ = {
			isa = XCBuildConfiguration;
			buildSettings = {
				ALWAYS_EMBED_SWIFT_STANDARD_LIBRARIES = YES;
				CODE_SIGN_STYLE = Automatic;
				CURRENT_PROJECT_VERSION = 1;
				GENERATE_INFOPLIST_FILE = YES;
				MARKETING_VERSION = 1.0;
				PRODUCT_BUNDLE_IDENTIFIER = com.sdsol.nowENT.LinkShareAppUITests;
				PRODUCT_NAME = "$(TARGET_NAME)";
				SWIFT_EMIT_LOC_STRINGS = NO;
				SWIFT_VERSION = 5.0;
				TARGETED_DEVICE_FAMILY = "1,2";
				TEST_TARGET_NAME = LinkShareApp;
			};
			name = Debug;
		};
		22D250652A822F9800E1267B /* Release */ = {
			isa = XCBuildConfiguration;
			buildSettings = {
				ALWAYS_EMBED_SWIFT_STANDARD_LIBRARIES = YES;
				CODE_SIGN_STYLE = Automatic;
				CURRENT_PROJECT_VERSION = 1;
				GENERATE_INFOPLIST_FILE = YES;
				MARKETING_VERSION = 1.0;
				PRODUCT_BUNDLE_IDENTIFIER = com.sdsol.nowENT.LinkShareAppUITests;
				PRODUCT_NAME = "$(TARGET_NAME)";
				SWIFT_EMIT_LOC_STRINGS = NO;
				SWIFT_VERSION = 5.0;
				TARGETED_DEVICE_FAMILY = "1,2";
				TEST_TARGET_NAME = LinkShareApp;
			};
			name = Release;
		};
/* End XCBuildConfiguration section */

/* Begin XCConfigurationList section */
		22D2502E2A822F9600E1267B /* Build configuration list for PBXProject "LinkShareApp" */ = {
			isa = XCConfigurationList;
			buildConfigurations = (
				22D2505B2A822F9800E1267B /* Debug */,
				22D2505C2A822F9800E1267B /* Release */,
			);
			defaultConfigurationIsVisible = 0;
			defaultConfigurationName = Release;
		};
		22D2505D2A822F9800E1267B /* Build configuration list for PBXNativeTarget "LinkShareApp" */ = {
			isa = XCConfigurationList;
			buildConfigurations = (
				22D2505E2A822F9800E1267B /* Debug */,
				22D2505F2A822F9800E1267B /* Release */,
			);
			defaultConfigurationIsVisible = 0;
			defaultConfigurationName = Release;
		};
		22D250602A822F9800E1267B /* Build configuration list for PBXNativeTarget "LinkShareAppTests" */ = {
			isa = XCConfigurationList;
			buildConfigurations = (
				22D250612A822F9800E1267B /* Debug */,
				22D250622A822F9800E1267B /* Release */,
			);
			defaultConfigurationIsVisible = 0;
			defaultConfigurationName = Release;
		};
		22D250632A822F9800E1267B /* Build configuration list for PBXNativeTarget "LinkShareAppUITests" */ = {
			isa = XCConfigurationList;
			buildConfigurations = (
				22D250642A822F9800E1267B /* Debug */,
				22D250652A822F9800E1267B /* Release */,
			);
			defaultConfigurationIsVisible = 0;
			defaultConfigurationName = Release;
		};
/* End XCConfigurationList section */
	};
	rootObject = 22D2502B2A822F9600E1267B /* Project object */;
}
