// !$*UTF8*$!
{
	archiveVersion = 1;
	classes = {
	};
	objectVersion = 56;
	objects = {

/* Begin PBXBuildFile section */
		22D250372A822F9600E1267B /* AppDelegate.swift in Sources */ = {isa = PBXBuildFile; fileRef = 22D250362A822F9600E1267B /* AppDelegate.swift */; };
		22D250392A822F9600E1267B /* SceneDelegate.swift in Sources */ = {isa = PBXBuildFile; fileRef = 22D250382A822F9600E1267B /* SceneDelegate.swift */; };
		22D2503B2A822F9600E1267B /* MainViewController.swift in Sources */ = {isa = PBXBuildFile; fileRef = 22D2503A2A822F9600E1267B /* MainViewController.swift */; };
		22D2503E2A822F9600E1267B /* Main.storyboard in Resources */ = {isa = PBXBuildFile; fileRef = 22D2503C2A822F9600E1267B /* Main.storyboard */; };
		22D250402A822F9700E1267B /* Assets.xcassets in Resources */ = {isa = PBXBuildFile; fileRef = 22D2503F2A822F9700E1267B /* Assets.xcassets */; };
		22D250432A822F9700E1267B /* LaunchScreen.storyboard in Resources */ = {isa = PBXBuildFile; fileRef = 22D250412A822F9700E1267B /* LaunchScreen.storyboard */; };
		22D2504E2A822F9800E1267B /* LinkShareAppTests.swift in Sources */ = {isa = PBXBuildFile; fileRef = 22D2504D2A822F9800E1267B /* LinkShareAppTests.swift */; };
		22D250582A822F9800E1267B /* LinkShareAppUITests.swift in Sources */ = {isa = PBXBuildFile; fileRef = 22D250572A822F9800E1267B /* LinkShareAppUITests.swift */; };
		22D2505A2A822F9800E1267B /* LinkShareAppUITestsLaunchTests.swift in Sources */ = {isa = PBXBuildFile; fileRef = 22D250592A822F9800E1267B /* LinkShareAppUITestsLaunchTests.swift */; };
		22D2506D2A8235EE00E1267B /* ShareViewController.swift in Sources */ = {isa = PBXBuildFile; fileRef = 22D2506C2A8235EE00E1267B /* ShareViewController.swift */; };
		22D250702A8235EE00E1267B /* MainInterface.storyboard in Resources */ = {isa = PBXBuildFile; fileRef = 22D2506E2A8235EE00E1267B /* MainInterface.storyboard */; };
		22D250742A8235EE00E1267B /* LinkShareExtension.appex in Embed Foundation Extensions */ = {isa = PBXBuildFile; fileRef = 22D2506A2A8235EE00E1267B /* LinkShareExtension.appex */; settings = {ATTRIBUTES = (RemoveHeadersOnCopy, ); }; };
		22D250832A823B1500E1267B /* Toast in Frameworks */ = {isa = PBXBuildFile; productRef = 22D250822A823B1500E1267B /* Toast */; };
		22D250862A823B5500E1267B /* Toast in Frameworks */ = {isa = PBXBuildFile; productRef = 22D250852A823B5500E1267B /* Toast */; };
		22D250882A8243A700E1267B /* ShareCell.swift in Sources */ = {isa = PBXBuildFile; fileRef = 22D250872A8243A700E1267B /* ShareCell.swift */; };
		22D2508A2A82467900E1267B /* ShareCell.swift in Sources */ = {isa = PBXBuildFile; fileRef = 22D250892A82467900E1267B /* ShareCell.swift */; };
/* End PBXBuildFile section */

/* Begin PBXContainerItemProxy section */
		22D2504A2A822F9800E1267B /* PBXContainerItemProxy */ = {
			isa = PBXContainerItemProxy;
			containerPortal = 22D2502B2A822F9600E1267B /* Project object */;
			proxyType = 1;
			remoteGlobalIDString = 22D250322A822F9600E1267B;
			remoteInfo = LinkShareApp;
		};
		22D250542A822F9800E1267B /* PBXContainerItemProxy */ = {
			isa = PBXContainerItemProxy;
			containerPortal = 22D2502B2A822F9600E1267B /* Project object */;
			proxyType = 1;
			remoteGlobalIDString = 22D250322A822F9600E1267B;
			remoteInfo = LinkShareApp;
		};
		22D250722A8235EE00E1267B /* PBXContainerItemProxy */ = {
			isa = PBXContainerItemProxy;
			containerPortal = 22D2502B2A822F9600E1267B /* Project object */;
			proxyType = 1;
			remoteGlobalIDString = 22D250692A8235EE00E1267B;
			remoteInfo = LinkShareExtension;
		};
/* End PBXContainerItemProxy section */

/* Begin PBXCopyFilesBuildPhase section */
		22D250782A8235EE00E1267B /* Embed Foundation Extensions */ = {
			isa = PBXCopyFilesBuildPhase;
			buildActionMask = 2147483647;
			dstPath = "";
			dstSubfolderSpec = 13;
			files = (
				22D250742A8235EE00E1267B /* LinkShareExtension.appex in Embed Foundation Extensions */,
			);
			name = "Embed Foundation Extensions";
			runOnlyForDeploymentPostprocessing = 0;
		};
/* End PBXCopyFilesBuildPhase section */

/* Begin PBXFileReference section */
		22D250332A822F9600E1267B /* LinkShareApp.app */ = {isa = PBXFileReference; explicitFileType = wrapper.application; includeInIndex = 0; path = LinkShareApp.app; sourceTree = BUILT_PRODUCTS_DIR; };
		22D250362A822F9600E1267B /* AppDelegate.swift */ = {isa = PBXFileReference; lastKnownFileType = sourcecode.swift; path = AppDelegate.swift; sourceTree = "<group>"; };
		22D250382A822F9600E1267B /* SceneDelegate.swift */ = {isa = PBXFileReference; lastKnownFileType = sourcecode.swift; path = SceneDelegate.swift; sourceTree = "<group>"; };
		22D2503A2A822F9600E1267B /* MainViewController.swift */ = {isa = PBXFileReference; lastKnownFileType = sourcecode.swift; path = MainViewController.swift; sourceTree = "<group>"; };
		22D2503D2A822F9600E1267B /* Base */ = {isa = PBXFileReference; lastKnownFileType = file.storyboard; name = Base; path = Base.lproj/Main.storyboard; sourceTree = "<group>"; };
		22D2503F2A822F9700E1267B /* Assets.xcassets */ = {isa = PBXFileReference; lastKnownFileType = folder.assetcatalog; path = Assets.xcassets; sourceTree = "<group>"; };
		22D250422A822F9700E1267B /* Base */ = {isa = PBXFileReference; lastKnownFileType = file.storyboard; name = Base; path = Base.lproj/LaunchScreen.storyboard; sourceTree = "<group>"; };
		22D250442A822F9700E1267B /* Info.plist */ = {isa = PBXFileReference; lastKnownFileType = text.plist.xml; path = Info.plist; sourceTree = "<group>"; };
		22D250492A822F9800E1267B /* LinkShareAppTests.xctest */ = {isa = PBXFileReference; explicitFileType = wrapper.cfbundle; includeInIndex = 0; path = LinkShareAppTests.xctest; sourceTree = BUILT_PRODUCTS_DIR; };
		22D2504D2A822F9800E1267B /* LinkShareAppTests.swift */ = {isa = PBXFileReference; lastKnownFileType = sourcecode.swift; path = LinkShareAppTests.swift; sourceTree = "<group>"; };
		22D250532A822F9800E1267B /* LinkShareAppUITests.xctest */ = {isa = PBXFileReference; explicitFileType = wrapper.cfbundle; includeInIndex = 0; path = LinkShareAppUITests.xctest; sourceTree = BUILT_PRODUCTS_DIR; };
		22D250572A822F9800E1267B /* LinkShareAppUITests.swift */ = {isa = PBXFileReference; lastKnownFileType = sourcecode.swift; path = LinkShareAppUITests.swift; sourceTree = "<group>"; };
		22D250592A822F9800E1267B /* LinkShareAppUITestsLaunchTests.swift */ = {isa = PBXFileReference; lastKnownFileType = sourcecode.swift; path = LinkShareAppUITestsLaunchTests.swift; sourceTree = "<group>"; };
		22D2506A2A8235EE00E1267B /* LinkShareExtension.appex */ = {isa = PBXFileReference; explicitFileType = "wrapper.app-extension"; includeInIndex = 0; path = LinkShareExtension.appex; sourceTree = BUILT_PRODUCTS_DIR; };
		22D2506C2A8235EE00E1267B /* ShareViewController.swift */ = {isa = PBXFileReference; lastKnownFileType = sourcecode.swift; path = ShareViewController.swift; sourceTree = "<group>"; };
		22D2506F2A8235EE00E1267B /* Base */ = {isa = PBXFileReference; lastKnownFileType = file.storyboard; name = Base; path = Base.lproj/MainInterface.storyboard; sourceTree = "<group>"; };
		22D250712A8235EE00E1267B /* Info.plist */ = {isa = PBXFileReference; lastKnownFileType = text.plist.xml; path = Info.plist; sourceTree = "<group>"; };
		22D250792A8237E500E1267B /* LinkShareApp.entitlements */ = {isa = PBXFileReference; lastKnownFileType = text.plist.entitlements; path = LinkShareApp.entitlements; sourceTree = "<group>"; };
		22D2507A2A82380B00E1267B /* LinkShareExtension.entitlements */ = {isa = PBXFileReference; lastKnownFileType = text.plist.entitlements; path = LinkShareExtension.entitlements; sourceTree = "<group>"; };
		22D250872A8243A700E1267B /* ShareCell.swift */ = {isa = PBXFileReference; lastKnownFileType = sourcecode.swift; path = ShareCell.swift; sourceTree = "<group>"; };
		22D250892A82467900E1267B /* ShareCell.swift */ = {isa = PBXFileReference; lastKnownFileType = sourcecode.swift; path = ShareCell.swift; sourceTree = "<group>"; };
		22D2508E2A8277ED00E1267B /* facebook.mp4 */ = {isa = PBXFileReference; lastKnownFileType = file; path = facebook.mp4; sourceTree = "<group>"; };
		22D2508F2A82786B00E1267B /* instagram.mp4 */ = {isa = PBXFileReference; lastKnownFileType = file; path = instagram.mp4; sourceTree = "<group>"; };
/* End PBXFileReference section */

/* Begin PBXFrameworksBuildPhase section */
		22D250302A822F9600E1267B /* Frameworks */ = {
			isa = PBXFrameworksBuildPhase;
			buildActionMask = 2147483647;
			files = (
				22D250832A823B1500E1267B /* Toast in Frameworks */,
			);
			runOnlyForDeploymentPostprocessing = 0;
		};
		22D250462A822F9800E1267B /* Frameworks */ = {
			isa = PBXFrameworksBuildPhase;
			buildActionMask = 2147483647;
			files = (
			);
			runOnlyForDeploymentPostprocessing = 0;
		};
		22D250502A822F9800E1267B /* Frameworks */ = {
			isa = PBXFrameworksBuildPhase;
			buildActionMask = 2147483647;
			files = (
			);
			runOnlyForDeploymentPostprocessing = 0;
		};
		22D250672A8235EE00E1267B /* Frameworks */ = {
			isa = PBXFrameworksBuildPhase;
			buildActionMask = 2147483647;
			files = (
				22D250862A823B5500E1267B /* Toast in Frameworks */,
			);
			runOnlyForDeploymentPostprocessing = 0;
		};
/* End PBXFrameworksBuildPhase section */

/* Begin PBXGroup section */
		22D2502A2A822F9600E1267B = {
			isa = PBXGroup;
			children = (
				22D2508B2A8270B400E1267B /* Video */,
				22D250352A822F9600E1267B /* LinkShareApp */,
				22D2504C2A822F9800E1267B /* LinkShareAppTests */,
				22D250562A822F9800E1267B /* LinkShareAppUITests */,
				22D2506B2A8235EE00E1267B /* LinkShareExtension */,
				22D250342A822F9600E1267B /* Products */,
				22D250842A823B5500E1267B /* Frameworks */,
			);
			sourceTree = "<group>";
		};
		22D250342A822F9600E1267B /* Products */ = {
			isa = PBXGroup;
			children = (
				22D250332A822F9600E1267B /* LinkShareApp.app */,
				22D250492A822F9800E1267B /* LinkShareAppTests.xctest */,
				22D250532A822F9800E1267B /* LinkShareAppUITests.xctest */,
				22D2506A2A8235EE00E1267B /* LinkShareExtension.appex */,
			);
			name = Products;
			sourceTree = "<group>";
		};
		22D250352A822F9600E1267B /* LinkShareApp */ = {
			isa = PBXGroup;
			children = (
				22D250792A8237E500E1267B /* LinkShareApp.entitlements */,
				22D250362A822F9600E1267B /* AppDelegate.swift */,
				22D250382A822F9600E1267B /* SceneDelegate.swift */,
				22D2503A2A822F9600E1267B /* MainViewController.swift */,
				22D2503C2A822F9600E1267B /* Main.storyboard */,
				22D2503F2A822F9700E1267B /* Assets.xcassets */,
				22D250412A822F9700E1267B /* LaunchScreen.storyboard */,
				22D250442A822F9700E1267B /* Info.plist */,
				22D250872A8243A700E1267B /* ShareCell.swift */,
			);
			path = LinkShareApp;
			sourceTree = "<group>";
		};
		22D2504C2A822F9800E1267B /* LinkShareAppTests */ = {
			isa = PBXGroup;
			children = (
				22D2504D2A822F9800E1267B /* LinkShareAppTests.swift */,
			);
			path = LinkShareAppTests;
			sourceTree = "<group>";
		};
		22D250562A822F9800E1267B /* LinkShareAppUITests */ = {
			isa = PBXGroup;
			children = (
				22D250572A822F9800E1267B /* LinkShareAppUITests.swift */,
				22D250592A822F9800E1267B /* LinkShareAppUITestsLaunchTests.swift */,
			);
			path = LinkShareAppUITests;
			sourceTree = "<group>";
		};
		22D2506B2A8235EE00E1267B /* LinkShareExtension */ = {
			isa = PBXGroup;
			children = (
				22D2507A2A82380B00E1267B /* LinkShareExtension.entitlements */,
				22D2506C2A8235EE00E1267B /* ShareViewController.swift */,
				22D250892A82467900E1267B /* ShareCell.swift */,
				22D2506E2A8235EE00E1267B /* MainInterface.storyboard */,
				22D250712A8235EE00E1267B /* Info.plist */,
			);
			path = LinkShareExtension;
			sourceTree = "<group>";
		};
		22D250842A823B5500E1267B /* Frameworks */ = {
			isa = PBXGroup;
			children = (
			);
			name = Frameworks;
			sourceTree = "<group>";
		};
		22D2508B2A8270B400E1267B /* Video */ = {
			isa = PBXGroup;
			children = (
				22D2508F2A82786B00E1267B /* instagram.mp4 */,
				22D2508E2A8277ED00E1267B /* facebook.mp4 */,
			);
			path = Video;
			sourceTree = "<group>";
		};
/* End PBXGroup section */

/* Begin PBXNativeTarget section */
		22D250322A822F9600E1267B /* LinkShareApp */ = {
			isa = PBXNativeTarget;
			buildConfigurationList = 22D2505D2A822F9800E1267B /* Build configuration list for PBXNativeTarget "LinkShareApp" */;
			buildPhases = (
				22D2502F2A822F9600E1267B /* Sources */,
				22D250302A822F9600E1267B /* Frameworks */,
				22D250312A822F9600E1267B /* Resources */,
				22D250782A8235EE00E1267B /* Embed Foundation Extensions */,
			);
			buildRules = (
			);
			dependencies = (
				22D250732A8235EE00E1267B /* PBXTargetDependency */,
			);
			name = LinkShareApp;
			packageProductDependencies = (
				22D250822A823B1500E1267B /* Toast */,
			);
			productName = LinkShareApp;
			productReference = 22D250332A822F9600E1267B /* LinkShareApp.app */;
			productType = "com.apple.product-type.application";
		};
		22D250482A822F9800E1267B /* LinkShareAppTests */ = {
			isa = PBXNativeTarget;
			buildConfigurationList = 22D250602A822F9800E1267B /* Build configuration list for PBXNativeTarget "LinkShareAppTests" */;
			buildPhases = (
				22D250452A822F9800E1267B /* Sources */,
				22D250462A822F9800E1267B /* Frameworks */,
				22D250472A822F9800E1267B /* Resources */,
			);
			buildRules = (
			);
			dependencies = (
				22D2504B2A822F9800E1267B /* PBXTargetDependency */,
			);
			name = LinkShareAppTests;
			productName = LinkShareAppTests;
			productReference = 22D250492A822F9800E1267B /* LinkShareAppTests.xctest */;
			productType = "com.apple.product-type.bundle.unit-test";
		};
		22D250522A822F9800E1267B /* LinkShareAppUITests */ = {
			isa = PBXNativeTarget;
			buildConfigurationList = 22D250632A822F9800E1267B /* Build configuration list for PBXNativeTarget "LinkShareAppUITests" */;
			buildPhases = (
				22D2504F2A822F9800E1267B /* Sources */,
				22D250502A822F9800E1267B /* Frameworks */,
				22D250512A822F9800E1267B /* Resources */,
			);
			buildRules = (
			);
			dependencies = (
				22D250552A822F9800E1267B /* PBXTargetDependency */,
			);
			name = LinkShareAppUITests;
			productName = LinkShareAppUITests;
			productReference = 22D250532A822F9800E1267B /* LinkShareAppUITests.xctest */;
			productType = "com.apple.product-type.bundle.ui-testing";
		};
		22D250692A8235EE00E1267B /* LinkShareExtension */ = {
			isa = PBXNativeTarget;
			buildConfigurationList = 22D250752A8235EE00E1267B /* Build configuration list for PBXNativeTarget "LinkShareExtension" */;
			buildPhases = (
				22D250662A8235EE00E1267B /* Sources */,
				22D250672A8235EE00E1267B /* Frameworks */,
				22D250682A8235EE00E1267B /* Resources */,
			);
			buildRules = (
			);
			dependencies = (
			);
			name = LinkShareExtension;
			packageProductDependencies = (
				22D250852A823B5500E1267B /* Toast */,
			);
			productName = LinkShareExtension;
			productReference = 22D2506A2A8235EE00E1267B /* LinkShareExtension.appex */;
			productType = "com.apple.product-type.app-extension";
		};
/* End PBXNativeTarget section */

/* Begin PBXProject section */
		22D2502B2A822F9600E1267B /* Project object */ = {
			isa = PBXProject;
			attributes = {
				BuildIndependentTargetsInParallel = 1;
				LastSwiftUpdateCheck = 1430;
				LastUpgradeCheck = 1430;
				TargetAttributes = {
					22D250322A822F9600E1267B = {
						CreatedOnToolsVersion = 14.3.1;
					};
					22D250482A822F9800E1267B = {
						CreatedOnToolsVersion = 14.3.1;
						TestTargetID = 22D250322A822F9600E1267B;
					};
					22D250522A822F9800E1267B = {
						CreatedOnToolsVersion = 14.3.1;
						TestTargetID = 22D250322A822F9600E1267B;
					};
					22D250692A8235EE00E1267B = {
						CreatedOnToolsVersion = 14.3.1;
					};
				};
			};
			buildConfigurationList = 22D2502E2A822F9600E1267B /* Build configuration list for PBXProject "LinkShareApp" */;
			compatibilityVersion = "Xcode 14.0";
			developmentRegion = en;
			hasScannedForEncodings = 0;
			knownRegions = (
				en,
				Base,
			);
			mainGroup = 22D2502A2A822F9600E1267B;
			packageReferences = (
				22D250812A823B1500E1267B /* XCRemoteSwiftPackageReference "Toast-Swift" */,
			);
			productRefGroup = 22D250342A822F9600E1267B /* Products */;
			projectDirPath = "";
			projectRoot = "";
			targets = (
				22D250322A822F9600E1267B /* LinkShareApp */,
				22D250482A822F9800E1267B /* LinkShareAppTests */,
				22D250522A822F9800E1267B /* LinkShareAppUITests */,
				22D250692A8235EE00E1267B /* LinkShareExtension */,
			);
		};
/* End PBXProject section */

/* Begin PBXResourcesBuildPhase section */
		22D250312A822F9600E1267B /* Resources */ = {
			isa = PBXResourcesBuildPhase;
			buildActionMask = 2147483647;
			files = (
				22D250432A822F9700E1267B /* LaunchScreen.storyboard in Resources */,
				22D250402A822F9700E1267B /* Assets.xcassets in Resources */,
				22D2503E2A822F9600E1267B /* Main.storyboard in Resources */,
			);
			runOnlyForDeploymentPostprocessing = 0;
		};
		22D250472A822F9800E1267B /* Resources */ = {
			isa = PBXResourcesBuildPhase;
			buildActionMask = 2147483647;
			files = (
			);
			runOnlyForDeploymentPostprocessing = 0;
		};
		22D250512A822F9800E1267B /* Resources */ = {
			isa = PBXResourcesBuildPhase;
			buildActionMask = 2147483647;
			files = (
			);
			runOnlyForDeploymentPostprocessing = 0;
		};
		22D250682A8235EE00E1267B /* Resources */ = {
			isa = PBXResourcesBuildPhase;
			buildActionMask = 2147483647;
			files = (
				22D250702A8235EE00E1267B /* MainInterface.storyboard in Resources */,
			);
			runOnlyForDeploymentPostprocessing = 0;
		};
/* End PBXResourcesBuildPhase section */

/* Begin PBXSourcesBuildPhase section */
		22D2502F2A822F9600E1267B /* Sources */ = {
			isa = PBXSourcesBuildPhase;
			buildActionMask = 2147483647;
			files = (
				22D2503B2A822F9600E1267B /* MainViewController.swift in Sources */,
				22D250882A8243A700E1267B /* ShareCell.swift in Sources */,
				22D250372A822F9600E1267B /* AppDelegate.swift in Sources */,
				22D250392A822F9600E1267B /* SceneDelegate.swift in Sources */,
			);
			runOnlyForDeploymentPostprocessing = 0;
		};
		22D250452A822F9800E1267B /* Sources */ = {
			isa = PBXSourcesBuildPhase;
			buildActionMask = 2147483647;
			files = (
				22D2504E2A822F9800E1267B /* LinkShareAppTests.swift in Sources */,
			);
			runOnlyForDeploymentPostprocessing = 0;
		};
		22D2504F2A822F9800E1267B /* Sources */ = {
			isa = PBXSourcesBuildPhase;
			buildActionMask = 2147483647;
			files = (
				22D2505A2A822F9800E1267B /* LinkShareAppUITestsLaunchTests.swift in Sources */,
				22D250582A822F9800E1267B /* LinkShareAppUITests.swift in Sources */,
			);
			runOnlyForDeploymentPostprocessing = 0;
		};
		22D250662A8235EE00E1267B /* Sources */ = {
			isa = PBXSourcesBuildPhase;
			buildActionMask = 2147483647;
			files = (
				22D2506D2A8235EE00E1267B /* ShareViewController.swift in Sources */,
				22D2508A2A82467900E1267B /* ShareCell.swift in Sources */,
			);
			runOnlyForDeploymentPostprocessing = 0;
		};
/* End PBXSourcesBuildPhase section */

/* Begin PBXTargetDependency section */
		22D2504B2A822F9800E1267B /* PBXTargetDependency */ = {
			isa = PBXTargetDependency;
			target = 22D250322A822F9600E1267B /* LinkShareApp */;
			targetProxy = 22D2504A2A822F9800E1267B /* PBXContainerItemProxy */;
		};
		22D250552A822F9800E1267B /* PBXTargetDependency */ = {
			isa = PBXTargetDependency;
			target = 22D250322A822F9600E1267B /* LinkShareApp */;
			targetProxy = 22D250542A822F9800E1267B /* PBXContainerItemProxy */;
		};
		22D250732A8235EE00E1267B /* PBXTargetDependency */ = {
			isa = PBXTargetDependency;
			target = 22D250692A8235EE00E1267B /* LinkShareExtension */;
			targetProxy = 22D250722A8235EE00E1267B /* PBXContainerItemProxy */;
		};
/* End PBXTargetDependency section */

/* Begin PBXVariantGroup section */
		22D2503C2A822F9600E1267B /* Main.storyboard */ = {
			isa = PBXVariantGroup;
			children = (
				22D2503D2A822F9600E1267B /* Base */,
			);
			name = Main.storyboard;
			sourceTree = "<group>";
		};
		22D250412A822F9700E1267B /* LaunchScreen.storyboard */ = {
			isa = PBXVariantGroup;
			children = (
				22D250422A822F9700E1267B /* Base */,
			);
			name = LaunchScreen.storyboard;
			sourceTree = "<group>";
		};
		22D2506E2A8235EE00E1267B /* MainInterface.storyboard */ = {
			isa = PBXVariantGroup;
			children = (
				22D2506F2A8235EE00E1267B /* Base */,
			);
			name = MainInterface.storyboard;
			sourceTree = "<group>";
		};
/* End PBXVariantGroup section */

/* Begin XCBuildConfiguration section */
		22D2505B2A822F9800E1267B /* Debug */ = {
			isa = XCBuildConfiguration;
			buildSettings = {
				ALWAYS_SEARCH_USER_PATHS = NO;
				CLANG_ANALYZER_NONNULL = YES;
				CLANG_ANALYZER_NUMBER_OBJECT_CONVERSION = YES_AGGRESSIVE;
				CLANG_CXX_LANGUAGE_STANDARD = "gnu++20";
				CLANG_ENABLE_MODULES = YES;
				CLANG_ENABLE_OBJC_ARC = YES;
				CLANG_ENABLE_OBJC_WEAK = YES;
				CLANG_WARN_BLOCK_CAPTURE_AUTORELEASING = YES;
				CLANG_WARN_BOOL_CONVERSION = YES;
				CLANG_WARN_COMMA = YES;
				CLANG_WARN_CONSTANT_CONVERSION = YES;
				CLANG_WARN_DEPRECATED_OBJC_IMPLEMENTATIONS = YES;
				CLANG_WARN_DIRECT_OBJC_ISA_USAGE = YES_ERROR;
				CLANG_WARN_DOCUMENTATION_COMMENTS = YES;
				CLANG_WARN_EMPTY_BODY = YES;
				CLANG_WARN_ENUM_CONVERSION = YES;
				CLANG_WARN_INFINITE_RECURSION = YES;
				CLANG_WARN_INT_CONVERSION = YES;
				CLANG_WARN_NON_LITERAL_NULL_CONVERSION = YES;
				CLANG_WARN_OBJC_IMPLICIT_RETAIN_SELF = YES;
				CLANG_WARN_OBJC_LITERAL_CONVERSION = YES;
				CLANG_WARN_OBJC_ROOT_CLASS = YES_ERROR;
				CLANG_WARN_QUOTED_INCLUDE_IN_FRAMEWORK_HEADER = YES;
				CLANG_WARN_RANGE_LOOP_ANALYSIS = YES;
				CLANG_WARN_STRICT_PROTOTYPES = YES;
				CLANG_WARN_SUSPICIOUS_MOVE = YES;
				CLANG_WARN_UNGUARDED_AVAILABILITY = YES_AGGRESSIVE;
				CLANG_WARN_UNREACHABLE_CODE = YES;
				CLANG_WARN__DUPLICATE_METHOD_MATCH = YES;
				COPY_PHASE_STRIP = NO;
				DEBUG_INFORMATION_FORMAT = dwarf;
				ENABLE_STRICT_OBJC_MSGSEND = YES;
				ENABLE_TESTABILITY = YES;
				GCC_C_LANGUAGE_STANDARD = gnu11;
				GCC_DYNAMIC_NO_PIC = NO;
				GCC_NO_COMMON_BLOCKS = YES;
				GCC_OPTIMIZATION_LEVEL = 0;
				GCC_PREPROCESSOR_DEFINITIONS = (
					"DEBUG=1",
					"$(inherited)",
				);
				GCC_WARN_64_TO_32_BIT_CONVERSION = YES;
				GCC_WARN_ABOUT_RETURN_TYPE = YES_ERROR;
				GCC_WARN_UNDECLARED_SELECTOR = YES;
				GCC_WARN_UNINITIALIZED_AUTOS = YES_AGGRESSIVE;
				GCC_WARN_UNUSED_FUNCTION = YES;
				GCC_WARN_UNUSED_VARIABLE = YES;
				IPHONEOS_DEPLOYMENT_TARGET = 15.0;
				MTL_ENABLE_DEBUG_INFO = INCLUDE_SOURCE;
				MTL_FAST_MATH = YES;
				ONLY_ACTIVE_ARCH = YES;
				SDKROOT = iphoneos;
				SWIFT_ACTIVE_COMPILATION_CONDITIONS = DEBUG;
				SWIFT_OPTIMIZATION_LEVEL = "-Onone";
			};
			name = Debug;
		};
		22D2505C2A822F9800E1267B /* Release */ = {
			isa = XCBuildConfiguration;
			buildSettings = {
				ALWAYS_SEARCH_USER_PATHS = NO;
				CLANG_ANALYZER_NONNULL = YES;
				CLANG_ANALYZER_NUMBER_OBJECT_CONVERSION = YES_AGGRESSIVE;
				CLANG_CXX_LANGUAGE_STANDARD = "gnu++20";
				CLANG_ENABLE_MODULES = YES;
				CLANG_ENABLE_OBJC_ARC = YES;
				CLANG_ENABLE_OBJC_WEAK = YES;
				CLANG_WARN_BLOCK_CAPTURE_AUTORELEASING = YES;
				CLANG_WARN_BOOL_CONVERSION = YES;
				CLANG_WARN_COMMA = YES;
				CLANG_WARN_CONSTANT_CONVERSION = YES;
				CLANG_WARN_DEPRECATED_OBJC_IMPLEMENTATIONS = YES;
				CLANG_WARN_DIRECT_OBJC_ISA_USAGE = YES_ERROR;
				CLANG_WARN_DOCUMENTATION_COMMENTS = YES;
				CLANG_WARN_EMPTY_BODY = YES;
				CLANG_WARN_ENUM_CONVERSION = YES;
				CLANG_WARN_INFINITE_RECURSION = YES;
				CLANG_WARN_INT_CONVERSION = YES;
				CLANG_WARN_NON_LITERAL_NULL_CONVERSION = YES;
				CLANG_WARN_OBJC_IMPLICIT_RETAIN_SELF = YES;
				CLANG_WARN_OBJC_LITERAL_CONVERSION = YES;
				CLANG_WARN_OBJC_ROOT_CLASS = YES_ERROR;
				CLANG_WARN_QUOTED_INCLUDE_IN_FRAMEWORK_HEADER = YES;
				CLANG_WARN_RANGE_LOOP_ANALYSIS = YES;
				CLANG_WARN_STRICT_PROTOTYPES = YES;
				CLANG_WARN_SUSPICIOUS_MOVE = YES;
				CLANG_WARN_UNGUARDED_AVAILABILITY = YES_AGGRESSIVE;
				CLANG_WARN_UNREACHABLE_CODE = YES;
				CLANG_WARN__DUPLICATE_METHOD_MATCH = YES;
				COPY_PHASE_STRIP = NO;
				DEBUG_INFORMATION_FORMAT = "dwarf-with-dsym";
				ENABLE_NS_ASSERTIONS = NO;
				ENABLE_STRICT_OBJC_MSGSEND = YES;
				GCC_C_LANGUAGE_STANDARD = gnu11;
				GCC_NO_COMMON_BLOCKS = YES;
				GCC_WARN_64_TO_32_BIT_CONVERSION = YES;
				GCC_WARN_ABOUT_RETURN_TYPE = YES_ERROR;
				GCC_WARN_UNDECLARED_SELECTOR = YES;
				GCC_WARN_UNINITIALIZED_AUTOS = YES_AGGRESSIVE;
				GCC_WARN_UNUSED_FUNCTION = YES;
				GCC_WARN_UNUSED_VARIABLE = YES;
				IPHONEOS_DEPLOYMENT_TARGET = 15.0;
				MTL_ENABLE_DEBUG_INFO = NO;
				MTL_FAST_MATH = YES;
				SDKROOT = iphoneos;
				SWIFT_COMPILATION_MODE = wholemodule;
				SWIFT_OPTIMIZATION_LEVEL = "-O";
				VALIDATE_PRODUCT = YES;
			};
			name = Release;
		};
		22D2505E2A822F9800E1267B /* Debug */ = {
			isa = XCBuildConfiguration;
			buildSettings = {
				ALWAYS_EMBED_SWIFT_STANDARD_LIBRARIES = YES;
				ASSETCATALOG_COMPILER_APPICON_NAME = AppIcon;
				ASSETCATALOG_COMPILER_GLOBAL_ACCENT_COLOR_NAME = AccentColor;
				CODE_SIGN_ENTITLEMENTS = LinkShareApp/LinkShareApp.entitlements;
				CODE_SIGN_IDENTITY = "Apple Development";
				CODE_SIGN_STYLE = Automatic;
				CURRENT_PROJECT_VERSION = 1;
				DEVELOPMENT_TEAM = WY583C3M59;
				GENERATE_INFOPLIST_FILE = YES;
				INFOPLIST_FILE = LinkShareApp/Info.plist;
				INFOPLIST_KEY_LSSupportsOpeningDocumentsInPlace = YES;
				INFOPLIST_KEY_NSCameraUsageDescription = "We need access to your camera to capture photos.";
				INFOPLIST_KEY_NSPhotoLibraryUsageDescription = "We need access to your photo library to save photos.";
				INFOPLIST_KEY_UIApplicationSupportsIndirectInputEvents = YES;
				INFOPLIST_KEY_UILaunchStoryboardName = LaunchScreen;
				INFOPLIST_KEY_UIMainStoryboardFile = Main;
				INFOPLIST_KEY_UIRequiredDeviceCapabilities = armv7;
				INFOPLIST_KEY_UISupportedInterfaceOrientations = UIInterfaceOrientationPortrait;
				INFOPLIST_KEY_UISupportedInterfaceOrientations_iPad = "UIInterfaceOrientationPortrait UIInterfaceOrientationPortraitUpsideDown UIInterfaceOrientationLandscapeLeft UIInterfaceOrientationLandscapeRight";
				INFOPLIST_KEY_UISupportedInterfaceOrientations_iPhone = "UIInterfaceOrientationPortrait UIInterfaceOrientationLandscapeLeft UIInterfaceOrientationLandscapeRight";
				LD_RUNPATH_SEARCH_PATHS = (
					"$(inherited)",
					"@executable_path/Frameworks",
				);
				MARKETING_VERSION = 1.0;
				PRODUCT_BUNDLE_IDENTIFIER = com.sdsol.sharesheet;
				PRODUCT_NAME = "$(TARGET_NAME)";
				PROVISIONING_PROFILE_SPECIFIER = "";
				SWIFT_EMIT_LOC_STRINGS = YES;
				SWIFT_VERSION = 5.0;
				TARGETED_DEVICE_FAMILY = "1,2";
			};
			name = Debug;
		};
		22D2505F2A822F9800E1267B /* Release */ = {
			isa = XCBuildConfiguration;
			buildSettings = {
				ALWAYS_EMBED_SWIFT_STANDARD_LIBRARIES = YES;
				ASSETCATALOG_COMPILER_APPICON_NAME = AppIcon;
				ASSETCATALOG_COMPILER_GLOBAL_ACCENT_COLOR_NAME = AccentColor;
				CODE_SIGN_ENTITLEMENTS = LinkShareApp/LinkShareApp.entitlements;
				CODE_SIGN_IDENTITY = "Apple Development";
				CODE_SIGN_STYLE = Automatic;
				CURRENT_PROJECT_VERSION = 1;
				DEVELOPMENT_TEAM = WY583C3M59;
				GENERATE_INFOPLIST_FILE = YES;
				INFOPLIST_FILE = LinkShareApp/Info.plist;
				INFOPLIST_KEY_LSSupportsOpeningDocumentsInPlace = YES;
				INFOPLIST_KEY_NSCameraUsageDescription = "We need access to your camera to capture photos.";
				INFOPLIST_KEY_NSPhotoLibraryUsageDescription = "We need access to your photo library to save photos.";
				INFOPLIST_KEY_UIApplicationSupportsIndirectInputEvents = YES;
				INFOPLIST_KEY_UILaunchStoryboardName = LaunchScreen;
				INFOPLIST_KEY_UIMainStoryboardFile = Main;
				INFOPLIST_KEY_UIRequiredDeviceCapabilities = armv7;
				INFOPLIST_KEY_UISupportedInterfaceOrientations = UIInterfaceOrientationPortrait;
				INFOPLIST_KEY_UISupportedInterfaceOrientations_iPad = "UIInterfaceOrientationPortrait UIInterfaceOrientationPortraitUpsideDown UIInterfaceOrientationLandscapeLeft UIInterfaceOrientationLandscapeRight";
				INFOPLIST_KEY_UISupportedInterfaceOrientations_iPhone = "UIInterfaceOrientationPortrait UIInterfaceOrientationLandscapeLeft UIInterfaceOrientationLandscapeRight";
				LD_RUNPATH_SEARCH_PATHS = (
					"$(inherited)",
					"@executable_path/Frameworks",
				);
				MARKETING_VERSION = 1.0;
				PRODUCT_BUNDLE_IDENTIFIER = com.sdsol.sharesheet;
				PRODUCT_NAME = "$(TARGET_NAME)";
				PROVISIONING_PROFILE_SPECIFIER = "";
				SWIFT_EMIT_LOC_STRINGS = YES;
				SWIFT_VERSION = 5.0;
				TARGETED_DEVICE_FAMILY = "1,2";
			};
			name = Release;
		};
		22D250612A822F9800E1267B /* Debug */ = {
			isa = XCBuildConfiguration;
			buildSettings = {
				ALWAYS_EMBED_SWIFT_STANDARD_LIBRARIES = YES;
				BUNDLE_LOADER = "$(TEST_HOST)";
				CODE_SIGN_STYLE = Automatic;
				CURRENT_PROJECT_VERSION = 1;
				GENERATE_INFOPLIST_FILE = YES;
				IPHONEOS_DEPLOYMENT_TARGET = 15.0;
				MARKETING_VERSION = 1.0;
				PRODUCT_BUNDLE_IDENTIFIER = com.sdsol.nowENT.LinkShareAppTests;
				PRODUCT_NAME = "$(TARGET_NAME)";
				SWIFT_EMIT_LOC_STRINGS = NO;
				SWIFT_VERSION = 5.0;
				TARGETED_DEVICE_FAMILY = "1,2";
				TEST_HOST = "$(BUILT_PRODUCTS_DIR)/LinkShareApp.app/$(BUNDLE_EXECUTABLE_FOLDER_PATH)/LinkShareApp";
			};
			name = Debug;
		};
		22D250622A822F9800E1267B /* Release */ = {
			isa = XCBuildConfiguration;
			buildSettings = {
				ALWAYS_EMBED_SWIFT_STANDARD_LIBRARIES = YES;
				BUNDLE_LOADER = "$(TEST_HOST)";
				CODE_SIGN_STYLE = Automatic;
				CURRENT_PROJECT_VERSION = 1;
				GENERATE_INFOPLIST_FILE = YES;
				IPHONEOS_DEPLOYMENT_TARGET = 15.0;
				MARKETING_VERSION = 1.0;
				PRODUCT_BUNDLE_IDENTIFIER = com.sdsol.nowENT.LinkShareAppTests;
				PRODUCT_NAME = "$(TARGET_NAME)";
				SWIFT_EMIT_LOC_STRINGS = NO;
				SWIFT_VERSION = 5.0;
				TARGETED_DEVICE_FAMILY = "1,2";
				TEST_HOST = "$(BUILT_PRODUCTS_DIR)/LinkShareApp.app/$(BUNDLE_EXECUTABLE_FOLDER_PATH)/LinkShareApp";
			};
			name = Release;
		};
		22D250642A822F9800E1267B /* Debug */ = {
			isa = XCBuildConfiguration;
			buildSettings = {
				ALWAYS_EMBED_SWIFT_STANDARD_LIBRARIES = YES;
				CODE_SIGN_STYLE = Automatic;
				CURRENT_PROJECT_VERSION = 1;
				GENERATE_INFOPLIST_FILE = YES;
				MARKETING_VERSION = 1.0;
				PRODUCT_BUNDLE_IDENTIFIER = com.sdsol.nowENT.LinkShareAppUITests;
				PRODUCT_NAME = "$(TARGET_NAME)";
				SWIFT_EMIT_LOC_STRINGS = NO;
				SWIFT_VERSION = 5.0;
				TARGETED_DEVICE_FAMILY = "1,2";
				TEST_TARGET_NAME = LinkShareApp;
			};
			name = Debug;
		};
		22D250652A822F9800E1267B /* Release */ = {
			isa = XCBuildConfiguration;
			buildSettings = {
				ALWAYS_EMBED_SWIFT_STANDARD_LIBRARIES = YES;
				CODE_SIGN_STYLE = Automatic;
				CURRENT_PROJECT_VERSION = 1;
				GENERATE_INFOPLIST_FILE = YES;
				MARKETING_VERSION = 1.0;
				PRODUCT_BUNDLE_IDENTIFIER = com.sdsol.nowENT.LinkShareAppUITests;
				PRODUCT_NAME = "$(TARGET_NAME)";
				SWIFT_EMIT_LOC_STRINGS = NO;
				SWIFT_VERSION = 5.0;
				TARGETED_DEVICE_FAMILY = "1,2";
				TEST_TARGET_NAME = LinkShareApp;
			};
			name = Release;
		};
		22D250762A8235EE00E1267B /* Debug */ = {
			isa = XCBuildConfiguration;
			buildSettings = {
				CODE_SIGN_ENTITLEMENTS = LinkShareExtension/LinkShareExtension.entitlements;
				CODE_SIGN_IDENTITY = "Apple Development";
				CODE_SIGN_STYLE = Automatic;
				CURRENT_PROJECT_VERSION = 1;
				DEVELOPMENT_TEAM = WY583C3M59;
				GENERATE_INFOPLIST_FILE = YES;
				INFOPLIST_FILE = LinkShareExtension/Info.plist;
				INFOPLIST_KEY_CFBundleDisplayName = "Link Preview";
				INFOPLIST_KEY_LSApplicationCategoryType = "";
				INFOPLIST_KEY_LSSupportsOpeningDocumentsInPlace = YES;
				INFOPLIST_KEY_NSHumanReadableCopyright = "";
				LD_RUNPATH_SEARCH_PATHS = (
					"$(inherited)",
					"@executable_path/Frameworks",
					"@executable_path/../../Frameworks",
				);
				MARKETING_VERSION = 1.0;
				PRODUCT_BUNDLE_IDENTIFIER = com.sdsol.sharesheet.ImageShare;
				PRODUCT_NAME = "$(TARGET_NAME)";
				PROVISIONING_PROFILE_SPECIFIER = "";
				SKIP_INSTALL = YES;
				SWIFT_EMIT_LOC_STRINGS = YES;
				SWIFT_VERSION = 5.0;
				TARGETED_DEVICE_FAMILY = "1,2";
			};
			name = Debug;
		};
		22D250772A8235EE00E1267B /* Release */ = {
			isa = XCBuildConfiguration;
			buildSettings = {
				CODE_SIGN_ENTITLEMENTS = LinkShareExtension/LinkShareExtension.entitlements;
				CODE_SIGN_IDENTITY = "Apple Development";
				CODE_SIGN_STYLE = Automatic;
				CURRENT_PROJECT_VERSION = 1;
				DEVELOPMENT_TEAM = WY583C3M59;
				GENERATE_INFOPLIST_FILE = YES;
				INFOPLIST_FILE = LinkShareExtension/Info.plist;
				INFOPLIST_KEY_CFBundleDisplayName = "Link Preview";
				INFOPLIST_KEY_LSApplicationCategoryType = "";
				INFOPLIST_KEY_LSSupportsOpeningDocumentsInPlace = YES;
				INFOPLIST_KEY_NSHumanReadableCopyright = "";
				LD_RUNPATH_SEARCH_PATHS = (
					"$(inherited)",
					"@executable_path/Frameworks",
					"@executable_path/../../Frameworks",
				);
				MARKETING_VERSION = 1.0;
				PRODUCT_BUNDLE_IDENTIFIER = com.sdsol.sharesheet.ImageShare;
				PRODUCT_NAME = "$(TARGET_NAME)";
				PROVISIONING_PROFILE_SPECIFIER = "";
				SKIP_INSTALL = YES;
				SWIFT_EMIT_LOC_STRINGS = YES;
				SWIFT_VERSION = 5.0;
				TARGETED_DEVICE_FAMILY = "1,2";
			};
			name = Release;
		};
/* End XCBuildConfiguration section */

/* Begin XCConfigurationList section */
		22D2502E2A822F9600E1267B /* Build configuration list for PBXProject "LinkShareApp" */ = {
			isa = XCConfigurationList;
			buildConfigurations = (
				22D2505B2A822F9800E1267B /* Debug */,
				22D2505C2A822F9800E1267B /* Release */,
			);
			defaultConfigurationIsVisible = 0;
			defaultConfigurationName = Release;
		};
		22D2505D2A822F9800E1267B /* Build configuration list for PBXNativeTarget "LinkShareApp" */ = {
			isa = XCConfigurationList;
			buildConfigurations = (
				22D2505E2A822F9800E1267B /* Debug */,
				22D2505F2A822F9800E1267B /* Release */,
			);
			defaultConfigurationIsVisible = 0;
			defaultConfigurationName = Release;
		};
		22D250602A822F9800E1267B /* Build configuration list for PBXNativeTarget "LinkShareAppTests" */ = {
			isa = XCConfigurationList;
			buildConfigurations = (
				22D250612A822F9800E1267B /* Debug */,
				22D250622A822F9800E1267B /* Release */,
			);
			defaultConfigurationIsVisible = 0;
			defaultConfigurationName = Release;
		};
		22D250632A822F9800E1267B /* Build configuration list for PBXNativeTarget "LinkShareAppUITests" */ = {
			isa = XCConfigurationList;
			buildConfigurations = (
				22D250642A822F9800E1267B /* Debug */,
				22D250652A822F9800E1267B /* Release */,
			);
			defaultConfigurationIsVisible = 0;
			defaultConfigurationName = Release;
		};
		22D250752A8235EE00E1267B /* Build configuration list for PBXNativeTarget "LinkShareExtension" */ = {
			isa = XCConfigurationList;
			buildConfigurations = (
				22D250762A8235EE00E1267B /* Debug */,
				22D250772A8235EE00E1267B /* Release */,
			);
			defaultConfigurationIsVisible = 0;
			defaultConfigurationName = Release;
		};
/* End XCConfigurationList section */

/* Begin XCRemoteSwiftPackageReference section */
		22D250812A823B1500E1267B /* XCRemoteSwiftPackageReference "Toast-Swift" */ = {
			isa = XCRemoteSwiftPackageReference;
			repositoryURL = "https://github.com/scalessec/Toast-Swift.git";
			requirement = {
				kind = upToNextMajorVersion;
				minimumVersion = 5.0.0;
			};
		};
/* End XCRemoteSwiftPackageReference section */

/* Begin XCSwiftPackageProductDependency section */
		22D250822A823B1500E1267B /* Toast */ = {
			isa = XCSwiftPackageProductDependency;
			package = 22D250812A823B1500E1267B /* XCRemoteSwiftPackageReference "Toast-Swift" */;
			productName = Toast;
		};
		22D250852A823B5500E1267B /* Toast */ = {
			isa = XCSwiftPackageProductDependency;
			package = 22D250812A823B1500E1267B /* XCRemoteSwiftPackageReference "Toast-Swift" */;
			productName = Toast;
		};
/* End XCSwiftPackageProductDependency section */
	};
	rootObject = 22D2502B2A822F9600E1267B /* Project object */;
}
